
Microsoft Visual Studio Solution File, Format Version 12.00
# Visual Studio 2013
VisualStudioVersion = 12.0.21005.1
MinimumVisualStudioVersion = 10.0.40219.1
Project("{FAE04EC0-301F-11D3-BF4B-00C04F79EFBC}") = "DEMO2", "DEMO2\DEMO2.csproj", "{8FFE4364-CEC6-49B8-A820-87B0943E2CA6}"
EndProject
Project("{FAE04EC0-301F-11D3-BF4B-00C04F79EFBC}") = "DEMO2.Tests", "DEMO2.Tests\DEMO2.Tests.csproj", "{253AB294-5BAA-449F-AB2E-9314B223F05D}"
EndProject
Global
	GlobalSection(SolutionConfigurationPlatforms) = preSolution
		Debug|Any CPU = Debug|Any CPU
		Release|Any CPU = Release|Any CPU
	EndGlobalSection
	GlobalSection(ProjectConfigurationPlatforms) = postSolution
		{8FFE4364-CEC6-49B8-A820-87B0943E2CA6}.Debug|Any CPU.ActiveCfg = Debug|Any CPU
		{8FFE4364-CEC6-49B8-A820-87B0943E2CA6}.Debug|Any CPU.Build.0 = Debug|Any CPU
		{8FFE4364-CEC6-49B8-A820-87B0943E2CA6}.Release|Any CPU.ActiveCfg = Release|Any CPU
		{8FFE4364-CEC6-49B8-A820-87B0943E2CA6}.Release|Any CPU.Build.0 = Release|Any CPU
		{253AB294-5BAA-449F-AB2E-9314B223F05D}.Debug|Any CPU.ActiveCfg = Debug|Any CPU
		{253AB294-5BAA-449F-AB2E-9314B223F05D}.Debug|Any CPU.Build.0 = Debug|Any CPU
		{253AB294-5BAA-449F-AB2E-9314B223F05D}.Release|Any CPU.ActiveCfg = Release|Any CPU
		{253AB294-5BAA-449F-AB2E-9314B223F05D}.Release|Any CPU.Build.0 = Release|Any CPU
	EndGlobalSection
	GlobalSection(SolutionProperties) = preSolution
		HideSolutionNode = FALSE
	EndGlobalSection
EndGlobal
